// !$*UTF8*$!
{
	archiveVersion = 1;
	classes = {
	};
	objectVersion = 50;
	objects = {

/* Begin PBXBuildFile section */
		E9A2840824D8512900C87E4A /* AppDelegate.m in Sources */ = {isa = PBXBuildFile; fileRef = E9A2840724D8512900C87E4A /* AppDelegate.m */; };
		E9A2840B24D8512900C87E4A /* SceneDelegate.m in Sources */ = {isa = PBXBuildFile; fileRef = E9A2840A24D8512900C87E4A /* SceneDelegate.m */; };
		E9A2840E24D8512900C87E4A /* ViewController.m in Sources */ = {isa = PBXBuildFile; fileRef = E9A2840D24D8512900C87E4A /* ViewController.m */; };
		E9A2841124D8512900C87E4A /* Main.storyboard in Resources */ = {isa = PBXBuildFile; fileRef = E9A2840F24D8512900C87E4A /* Main.storyboard */; };
		E9A2841324D8512A00C87E4A /* Assets.xcassets in Resources */ = {isa = PBXBuildFile; fileRef = E9A2841224D8512A00C87E4A /* Assets.xcassets */; };
		E9A2841624D8512A00C87E4A /* LaunchScreen.storyboard in Resources */ = {isa = PBXBuildFile; fileRef = E9A2841424D8512A00C87E4A /* LaunchScreen.storyboard */; };
		E9A2841924D8512A00C87E4A /* main.m in Sources */ = {isa = PBXBuildFile; fileRef = E9A2841824D8512A00C87E4A /* main.m */; };
		E9A2842324D8512A00C87E4A /* ThreadTaskTests.m in Sources */ = {isa = PBXBuildFile; fileRef = E9A2842224D8512A00C87E4A /* ThreadTaskTests.m */; };
		E9A2842E24D8512B00C87E4A /* ThreadTaskUITests.m in Sources */ = {isa = PBXBuildFile; fileRef = E9A2842D24D8512B00C87E4A /* ThreadTaskUITests.m */; };
/* End PBXBuildFile section */

/* Begin PBXContainerItemProxy section */
		E9A2841F24D8512A00C87E4A /* PBXContainerItemProxy */ = {
			isa = PBXContainerItemProxy;
			containerPortal = E9A283FB24D8512900C87E4A /* Project object */;
			proxyType = 1;
			remoteGlobalIDString = E9A2840224D8512900C87E4A;
			remoteInfo = ThreadTask;
		};
		E9A2842A24D8512B00C87E4A /* PBXContainerItemProxy */ = {
			isa = PBXContainerItemProxy;
			containerPortal = E9A283FB24D8512900C87E4A /* Project object */;
			proxyType = 1;
			remoteGlobalIDString = E9A2840224D8512900C87E4A;
			remoteInfo = ThreadTask;
		};
/* End PBXContainerItemProxy section */

/* Begin PBXFileReference section */
		E9A2840324D8512900C87E4A /* ThreadTask.app */ = {isa = PBXFileReference; explicitFileType = wrapper.application; includeInIndex = 0; path = ThreadTask.app; sourceTree = BUILT_PRODUCTS_DIR; };
		E9A2840624D8512900C87E4A /* AppDelegate.h */ = {isa = PBXFileReference; lastKnownFileType = sourcecode.c.h; path = AppDelegate.h; sourceTree = "<group>"; };
		E9A2840724D8512900C87E4A /* AppDelegate.m */ = {isa = PBXFileReference; lastKnownFileType = sourcecode.c.objc; path = AppDelegate.m; sourceTree = "<group>"; };
		E9A2840924D8512900C87E4A /* SceneDelegate.h */ = {isa = PBXFileReference; lastKnownFileType = sourcecode.c.h; path = SceneDelegate.h; sourceTree = "<group>"; };
		E9A2840A24D8512900C87E4A /* SceneDelegate.m */ = {isa = PBXFileReference; lastKnownFileType = sourcecode.c.objc; path = SceneDelegate.m; sourceTree = "<group>"; };
		E9A2840C24D8512900C87E4A /* ViewController.h */ = {isa = PBXFileReference; lastKnownFileType = sourcecode.c.h; path = ViewController.h; sourceTree = "<group>"; };
		E9A2840D24D8512900C87E4A /* ViewController.m */ = {isa = PBXFileReference; lastKnownFileType = sourcecode.c.objc; path = ViewController.m; sourceTree = "<group>"; };
		E9A2841024D8512900C87E4A /* Base */ = {isa = PBXFileReference; lastKnownFileType = file.storyboard; name = Base; path = Base.lproj/Main.storyboard; sourceTree = "<group>"; };
		E9A2841224D8512A00C87E4A /* Assets.xcassets */ = {isa = PBXFileReference; lastKnownFileType = folder.assetcatalog; path = Assets.xcassets; sourceTree = "<group>"; };
		E9A2841524D8512A00C87E4A /* Base */ = {isa = PBXFileReference; lastKnownFileType = file.storyboard; name = Base; path = Base.lproj/LaunchScreen.storyboard; sourceTree = "<group>"; };
		E9A2841724D8512A00C87E4A /* Info.plist */ = {isa = PBXFileReference; lastKnownFileType = text.plist.xml; path = Info.plist; sourceTree = "<group>"; };
		E9A2841824D8512A00C87E4A /* main.m */ = {isa = PBXFileReference; lastKnownFileType = sourcecode.c.objc; path = main.m; sourceTree = "<group>"; };
		E9A2841E24D8512A00C87E4A /* ThreadTaskTests.xctest */ = {isa = PBXFileReference; explicitFileType = wrapper.cfbundle; includeInIndex = 0; path = ThreadTaskTests.xctest; sourceTree = BUILT_PRODUCTS_DIR; };
		E9A2842224D8512A00C87E4A /* ThreadTaskTests.m */ = {isa = PBXFileReference; lastKnownFileType = sourcecode.c.objc; path = ThreadTaskTests.m; sourceTree = "<group>"; };
		E9A2842424D8512A00C87E4A /* Info.plist */ = {isa = PBXFileReference; lastKnownFileType = text.plist.xml; path = Info.plist; sourceTree = "<group>"; };
		E9A2842924D8512B00C87E4A /* ThreadTaskUITests.xctest */ = {isa = PBXFileReference; explicitFileType = wrapper.cfbundle; includeInIndex = 0; path = ThreadTaskUITests.xctest; sourceTree = BUILT_PRODUCTS_DIR; };
		E9A2842D24D8512B00C87E4A /* ThreadTaskUITests.m */ = {isa = PBXFileReference; lastKnownFileType = sourcecode.c.objc; path = ThreadTaskUITests.m; sourceTree = "<group>"; };
		E9A2842F24D8512B00C87E4A /* Info.plist */ = {isa = PBXFileReference; lastKnownFileType = text.plist.xml; path = Info.plist; sourceTree = "<group>"; };
/* End PBXFileReference section */

/* Begin PBXFrameworksBuildPhase section */
		E9A2840024D8512900C87E4A /* Frameworks */ = {
			isa = PBXFrameworksBuildPhase;
			buildActionMask = 2147483647;
			files = (
			);
			runOnlyForDeploymentPostprocessing = 0;
		};
		E9A2841B24D8512A00C87E4A /* Frameworks */ = {
			isa = PBXFrameworksBuildPhase;
			buildActionMask = 2147483647;
			files = (
			);
			runOnlyForDeploymentPostprocessing = 0;
		};
		E9A2842624D8512B00C87E4A /* Frameworks */ = {
			isa = PBXFrameworksBuildPhase;
			buildActionMask = 2147483647;
			files = (
			);
			runOnlyForDeploymentPostprocessing = 0;
		};
/* End PBXFrameworksBuildPhase section */

/* Begin PBXGroup section */
		E9A283FA24D8512900C87E4A = {
			isa = PBXGroup;
			children = (
				E9A2840524D8512900C87E4A /* ThreadTask */,
				E9A2842124D8512A00C87E4A /* ThreadTaskTests */,
				E9A2842C24D8512B00C87E4A /* ThreadTaskUITests */,
				E9A2840424D8512900C87E4A /* Products */,
			);
			sourceTree = "<group>";
		};
		E9A2840424D8512900C87E4A /* Products */ = {
			isa = PBXGroup;
			children = (
				E9A2840324D8512900C87E4A /* ThreadTask.app */,
				E9A2841E24D8512A00C87E4A /* ThreadTaskTests.xctest */,
				E9A2842924D8512B00C87E4A /* ThreadTaskUITests.xctest */,
			);
			name = Products;
			sourceTree = "<group>";
		};
		E9A2840524D8512900C87E4A /* ThreadTask */ = {
			isa = PBXGroup;
			children = (
				E9A2840624D8512900C87E4A /* AppDelegate.h */,
				E9A2840724D8512900C87E4A /* AppDelegate.m */,
				E9A2840924D8512900C87E4A /* SceneDelegate.h */,
				E9A2840A24D8512900C87E4A /* SceneDelegate.m */,
				E9A2840C24D8512900C87E4A /* ViewController.h */,
				E9A2840D24D8512900C87E4A /* ViewController.m */,
				E9A2840F24D8512900C87E4A /* Main.storyboard */,
				E9A2841224D8512A00C87E4A /* Assets.xcassets */,
				E9A2841424D8512A00C87E4A /* LaunchScreen.storyboard */,
				E9A2841724D8512A00C87E4A /* Info.plist */,
				E9A2841824D8512A00C87E4A /* main.m */,
			);
			path = ThreadTask;
			sourceTree = "<group>";
		};
		E9A2842124D8512A00C87E4A /* ThreadTaskTests */ = {
			isa = PBXGroup;
			children = (
				E9A2842224D8512A00C87E4A /* ThreadTaskTests.m */,
				E9A2842424D8512A00C87E4A /* Info.plist */,
			);
			path = ThreadTaskTests;
			sourceTree = "<group>";
		};
		E9A2842C24D8512B00C87E4A /* ThreadTaskUITests */ = {
			isa = PBXGroup;
			children = (
				E9A2842D24D8512B00C87E4A /* ThreadTaskUITests.m */,
				E9A2842F24D8512B00C87E4A /* Info.plist */,
			);
			path = ThreadTaskUITests;
			sourceTree = "<group>";
		};
/* End PBXGroup section */

/* Begin PBXNativeTarget section */
		E9A2840224D8512900C87E4A /* ThreadTask */ = {
			isa = PBXNativeTarget;
			buildConfigurationList = E9A2843224D8512B00C87E4A /* Build configuration list for PBXNativeTarget "ThreadTask" */;
			buildPhases = (
				E9A283FF24D8512900C87E4A /* Sources */,
				E9A2840024D8512900C87E4A /* Frameworks */,
				E9A2840124D8512900C87E4A /* Resources */,
			);
			buildRules = (
			);
			dependencies = (
			);
			name = ThreadTask;
			productName = ThreadTask;
			productReference = E9A2840324D8512900C87E4A /* ThreadTask.app */;
			productType = "com.apple.product-type.application";
		};
		E9A2841D24D8512A00C87E4A /* ThreadTaskTests */ = {
			isa = PBXNativeTarget;
			buildConfigurationList = E9A2843524D8512B00C87E4A /* Build configuration list for PBXNativeTarget "ThreadTaskTests" */;
			buildPhases = (
				E9A2841A24D8512A00C87E4A /* Sources */,
				E9A2841B24D8512A00C87E4A /* Frameworks */,
				E9A2841C24D8512A00C87E4A /* Resources */,
			);
			buildRules = (
			);
			dependencies = (
				E9A2842024D8512A00C87E4A /* PBXTargetDependency */,
			);
			name = ThreadTaskTests;
			productName = ThreadTaskTests;
			productReference = E9A2841E24D8512A00C87E4A /* ThreadTaskTests.xctest */;
			productType = "com.apple.product-type.bundle.unit-test";
		};
		E9A2842824D8512B00C87E4A /* ThreadTaskUITests */ = {
			isa = PBXNativeTarget;
			buildConfigurationList = E9A2843824D8512B00C87E4A /* Build configuration list for PBXNativeTarget "ThreadTaskUITests" */;
			buildPhases = (
				E9A2842524D8512B00C87E4A /* Sources */,
				E9A2842624D8512B00C87E4A /* Frameworks */,
				E9A2842724D8512B00C87E4A /* Resources */,
			);
			buildRules = (
			);
			dependencies = (
				E9A2842B24D8512B00C87E4A /* PBXTargetDependency */,
			);
			name = ThreadTaskUITests;
			productName = ThreadTaskUITests;
			productReference = E9A2842924D8512B00C87E4A /* ThreadTaskUITests.xctest */;
			productType = "com.apple.product-type.bundle.ui-testing";
		};
/* End PBXNativeTarget section */

/* Begin PBXProject section */
		E9A283FB24D8512900C87E4A /* Project object */ = {
			isa = PBXProject;
			attributes = {
				LastUpgradeCheck = 1160;
				ORGANIZATIONNAME = tom555cat;
				TargetAttributes = {
					E9A2840224D8512900C87E4A = {
						CreatedOnToolsVersion = 11.6;
					};
					E9A2841D24D8512A00C87E4A = {
						CreatedOnToolsVersion = 11.6;
						TestTargetID = E9A2840224D8512900C87E4A;
					};
					E9A2842824D8512B00C87E4A = {
						CreatedOnToolsVersion = 11.6;
						TestTargetID = E9A2840224D8512900C87E4A;
					};
				};
			};
			buildConfigurationList = E9A283FE24D8512900C87E4A /* Build configuration list for PBXProject "ThreadTask" */;
			compatibilityVersion = "Xcode 9.3";
			developmentRegion = en;
			hasScannedForEncodings = 0;
			knownRegions = (
				en,
				Base,
			);
			mainGroup = E9A283FA24D8512900C87E4A;
			productRefGroup = E9A2840424D8512900C87E4A /* Products */;
			projectDirPath = "";
			projectRoot = "";
			targets = (
				E9A2840224D8512900C87E4A /* ThreadTask */,
				E9A2841D24D8512A00C87E4A /* ThreadTaskTests */,
				E9A2842824D8512B00C87E4A /* ThreadTaskUITests */,
			);
		};
/* End PBXProject section */

/* Begin PBXResourcesBuildPhase section */
		E9A2840124D8512900C87E4A /* Resources */ = {
			isa = PBXResourcesBuildPhase;
			buildActionMask = 2147483647;
			files = (
				E9A2841624D8512A00C87E4A /* LaunchScreen.storyboard in Resources */,
				E9A2841324D8512A00C87E4A /* Assets.xcassets in Resources */,
				E9A2841124D8512900C87E4A /* Main.storyboard in Resources */,
			);
			runOnlyForDeploymentPostprocessing = 0;
		};
		E9A2841C24D8512A00C87E4A /* Resources */ = {
			isa = PBXResourcesBuildPhase;
			buildActionMask = 2147483647;
			files = (
			);
			runOnlyForDeploymentPostprocessing = 0;
		};
		E9A2842724D8512B00C87E4A /* Resources */ = {
			isa = PBXResourcesBuildPhase;
			buildActionMask = 2147483647;
			files = (
			);
			runOnlyForDeploymentPostprocessing = 0;
		};
/* End PBXResourcesBuildPhase section */

/* Begin PBXSourcesBuildPhase section */
		E9A283FF24D8512900C87E4A /* Sources */ = {
			isa = PBXSourcesBuildPhase;
			buildActionMask = 2147483647;
			files = (
				E9A2840E24D8512900C87E4A /* ViewController.m in Sources */,
				E9A2840824D8512900C87E4A /* AppDelegate.m in Sources */,
				E9A2841924D8512A00C87E4A /* main.m in Sources */,
				E9A2840B24D8512900C87E4A /* SceneDelegate.m in Sources */,
			);
			runOnlyForDeploymentPostprocessing = 0;
		};
		E9A2841A24D8512A00C87E4A /* Sources */ = {
			isa = PBXSourcesBuildPhase;
			buildActionMask = 2147483647;
			files = (
				E9A2842324D8512A00C87E4A /* ThreadTaskTests.m in Sources */,
			);
			runOnlyForDeploymentPostprocessing = 0;
		};
		E9A2842524D8512B00C87E4A /* Sources */ = {
			isa = PBXSourcesBuildPhase;
			buildActionMask = 2147483647;
			files = (
				E9A2842E24D8512B00C87E4A /* ThreadTaskUITests.m in Sources */,
			);
			runOnlyForDeploymentPostprocessing = 0;
		};
/* End PBXSourcesBuildPhase section */

/* Begin PBXTargetDependency section */
		E9A2842024D8512A00C87E4A /* PBXTargetDependency */ = {
			isa = PBXTargetDependency;
			target = E9A2840224D8512900C87E4A /* ThreadTask */;
			targetProxy = E9A2841F24D8512A00C87E4A /* PBXContainerItemProxy */;
		};
		E9A2842B24D8512B00C87E4A /* PBXTargetDependency */ = {
			isa = PBXTargetDependency;
			target = E9A2840224D8512900C87E4A /* ThreadTask */;
			targetProxy = E9A2842A24D8512B00C87E4A /* PBXContainerItemProxy */;
		};
/* End PBXTargetDependency section */

/* Begin PBXVariantGroup section */
		E9A2840F24D8512900C87E4A /* Main.storyboard */ = {
			isa = PBXVariantGroup;
			children = (
				E9A2841024D8512900C87E4A /* Base */,
			);
			name = Main.storyboard;
			sourceTree = "<group>";
		};
		E9A2841424D8512A00C87E4A /* LaunchScreen.storyboard */ = {
			isa = PBXVariantGroup;
			children = (
				E9A2841524D8512A00C87E4A /* Base */,
			);
			name = LaunchScreen.storyboard;
			sourceTree = "<group>";
		};
/* End PBXVariantGroup section */

/* Begin XCBuildConfiguration section */
		E9A2843024D8512B00C87E4A /* Debug */ = {
			isa = XCBuildConfiguration;
			buildSettings = {
				ALWAYS_SEARCH_USER_PATHS = NO;
				CLANG_ANALYZER_NONNULL = YES;
				CLANG_ANALYZER_NUMBER_OBJECT_CONVERSION = YES_AGGRESSIVE;
				CLANG_CXX_LANGUAGE_STANDARD = "gnu++14";
				CLANG_CXX_LIBRARY = "libc++";
				CLANG_ENABLE_MODULES = YES;
				CLANG_ENABLE_OBJC_ARC = YES;
				CLANG_ENABLE_OBJC_WEAK = YES;
				CLANG_WARN_BLOCK_CAPTURE_AUTORELEASING = YES;
				CLANG_WARN_BOOL_CONVERSION = YES;
				CLANG_WARN_COMMA = YES;
				CLANG_WARN_CONSTANT_CONVERSION = YES;
				CLANG_WARN_DEPRECATED_OBJC_IMPLEMENTATIONS = YES;
				CLANG_WARN_DIRECT_OBJC_ISA_USAGE = YES_ERROR;
				CLANG_WARN_DOCUMENTATION_COMMENTS = YES;
				CLANG_WARN_EMPTY_BODY = YES;
				CLANG_WARN_ENUM_CONVERSION = YES;
				CLANG_WARN_INFINITE_RECURSION = YES;
				CLANG_WARN_INT_CONVERSION = YES;
				CLANG_WARN_NON_LITERAL_NULL_CONVERSION = YES;
				CLANG_WARN_OBJC_IMPLICIT_RETAIN_SELF = YES;
				CLANG_WARN_OBJC_LITERAL_CONVERSION = YES;
				CLANG_WARN_OBJC_ROOT_CLASS = YES_ERROR;
				CLANG_WARN_RANGE_LOOP_ANALYSIS = YES;
				CLANG_WARN_STRICT_PROTOTYPES = YES;
				CLANG_WARN_SUSPICIOUS_MOVE = YES;
				CLANG_WARN_UNGUARDED_AVAILABILITY = YES_AGGRESSIVE;
				CLANG_WARN_UNREACHABLE_CODE = YES;
				CLANG_WARN__DUPLICATE_METHOD_MATCH = YES;
				COPY_PHASE_STRIP = NO;
				DEBUG_INFORMATION_FORMAT = dwarf;
				ENABLE_STRICT_OBJC_MSGSEND = YES;
				ENABLE_TESTABILITY = YES;
				GCC_C_LANGUAGE_STANDARD = gnu11;
				GCC_DYNAMIC_NO_PIC = NO;
				GCC_NO_COMMON_BLOCKS = YES;
				GCC_OPTIMIZATION_LEVEL = 0;
				GCC_PREPROCESSOR_DEFINITIONS = (
					"DEBUG=1",
					"$(inherited)",
				);
				GCC_WARN_64_TO_32_BIT_CONVERSION = YES;
				GCC_WARN_ABOUT_RETURN_TYPE = YES_ERROR;
				GCC_WARN_UNDECLARED_SELECTOR = YES;
				GCC_WARN_UNINITIALIZED_AUTOS = YES_AGGRESSIVE;
				GCC_WARN_UNUSED_FUNCTION = YES;
				GCC_WARN_UNUSED_VARIABLE = YES;
				IPHONEOS_DEPLOYMENT_TARGET = 13.6;
				MTL_ENABLE_DEBUG_INFO = INCLUDE_SOURCE;
				MTL_FAST_MATH = YES;
				ONLY_ACTIVE_ARCH = YES;
				SDKROOT = iphoneos;
			};
			name = Debug;
		};
		E9A2843124D8512B00C87E4A /* Release */ = {
			isa = XCBuildConfiguration;
			buildSettings = {
				ALWAYS_SEARCH_USER_PATHS = NO;
				CLANG_ANALYZER_NONNULL = YES;
				CLANG_ANALYZER_NUMBER_OBJECT_CONVERSION = YES_AGGRESSIVE;
				CLANG_CXX_LANGUAGE_STANDARD = "gnu++14";
				CLANG_CXX_LIBRARY = "libc++";
				CLANG_ENABLE_MODULES = YES;
				CLANG_ENABLE_OBJC_ARC = YES;
				CLANG_ENABLE_OBJC_WEAK = YES;
				CLANG_WARN_BLOCK_CAPTURE_AUTORELEASING = YES;
				CLANG_WARN_BOOL_CONVERSION = YES;
				CLANG_WARN_COMMA = YES;
				CLANG_WARN_CONSTANT_CONVERSION = YES;
				CLANG_WARN_DEPRECATED_OBJC_IMPLEMENTATIONS = YES;
				CLANG_WARN_DIRECT_OBJC_ISA_USAGE = YES_ERROR;
				CLANG_WARN_DOCUMENTATION_COMMENTS = YES;
				CLANG_WARN_EMPTY_BODY = YES;
				CLANG_WARN_ENUM_CONVERSION = YES;
				CLANG_WARN_INFINITE_RECURSION = YES;
				CLANG_WARN_INT_CONVERSION = YES;
				CLANG_WARN_NON_LITERAL_NULL_CONVERSION = YES;
				CLANG_WARN_OBJC_IMPLICIT_RETAIN_SELF = YES;
				CLANG_WARN_OBJC_LITERAL_CONVERSION = YES;
				CLANG_WARN_OBJC_ROOT_CLASS = YES_ERROR;
				CLANG_WARN_RANGE_LOOP_ANALYSIS = YES;
				CLANG_WARN_STRICT_PROTOTYPES = YES;
				CLANG_WARN_SUSPICIOUS_MOVE = YES;
				CLANG_WARN_UNGUARDED_AVAILABILITY = YES_AGGRESSIVE;
				CLANG_WARN_UNREACHABLE_CODE = YES;
				CLANG_WARN__DUPLICATE_METHOD_MATCH = YES;
				COPY_PHASE_STRIP = NO;
				DEBUG_INFORMATION_FORMAT = "dwarf-with-dsym";
				ENABLE_NS_ASSERTIONS = NO;
				ENABLE_STRICT_OBJC_MSGSEND = YES;
				GCC_C_LANGUAGE_STANDARD = gnu11;
				GCC_NO_COMMON_BLOCKS = YES;
				GCC_WARN_64_TO_32_BIT_CONVERSION = YES;
				GCC_WARN_ABOUT_RETURN_TYPE = YES_ERROR;
				GCC_WARN_UNDECLARED_SELECTOR = YES;
				GCC_WARN_UNINITIALIZED_AUTOS = YES_AGGRESSIVE;
				GCC_WARN_UNUSED_FUNCTION = YES;
				GCC_WARN_UNUSED_VARIABLE = YES;
				IPHONEOS_DEPLOYMENT_TARGET = 13.6;
				MTL_ENABLE_DEBUG_INFO = NO;
				MTL_FAST_MATH = YES;
				SDKROOT = iphoneos;
				VALIDATE_PRODUCT = YES;
			};
			name = Release;
		};
		E9A2843324D8512B00C87E4A /* Debug */ = {
			isa = XCBuildConfiguration;
			buildSettings = {
				ASSETCATALOG_COMPILER_APPICON_NAME = AppIcon;
				CODE_SIGN_STYLE = Automatic;
				INFOPLIST_FILE = ThreadTask/Info.plist;
				LD_RUNPATH_SEARCH_PATHS = (
					"$(inherited)",
					"@executable_path/Frameworks",
				);
				PRODUCT_BUNDLE_IDENTIFIER = helloworld.ThreadTask;
				PRODUCT_NAME = "$(TARGET_NAME)";
				TARGETED_DEVICE_FAMILY = "1,2";
			};
			name = Debug;
		};
		E9A2843424D8512B00C87E4A /* Release */ = {
			isa = XCBuildConfiguration;
			buildSettings = {
				ASSETCATALOG_COMPILER_APPICON_NAME = AppIcon;
				CODE_SIGN_STYLE = Automatic;
				INFOPLIST_FILE = ThreadTask/Info.plist;
				LD_RUNPATH_SEARCH_PATHS = (
					"$(inherited)",
					"@executable_path/Frameworks",
				);
				PRODUCT_BUNDLE_IDENTIFIER = helloworld.ThreadTask;
				PRODUCT_NAME = "$(TARGET_NAME)";
				TARGETED_DEVICE_FAMILY = "1,2";
			};
			name = Release;
		};
		E9A2843624D8512B00C87E4A /* Debug */ = {
			isa = XCBuildConfiguration;
			buildSettings = {
				BUNDLE_LOADER = "$(TEST_HOST)";
				CODE_SIGN_STYLE = Automatic;
				INFOPLIST_FILE = ThreadTaskTests/Info.plist;
				IPHONEOS_DEPLOYMENT_TARGET = 13.6;
				LD_RUNPATH_SEARCH_PATHS = (
					"$(inherited)",
					"@executable_path/Frameworks",
					"@loader_path/Frameworks",
				);
				PRODUCT_BUNDLE_IDENTIFIER = helloworld.ThreadTaskTests;
				PRODUCT_NAME = "$(TARGET_NAME)";
				TARGETED_DEVICE_FAMILY = "1,2";
				TEST_HOST = "$(BUILT_PRODUCTS_DIR)/ThreadTask.app/ThreadTask";
			};
			name = Debug;
		};
		E9A2843724D8512B00C87E4A /* Release */ = {
			isa = XCBuildConfiguration;
			buildSettings = {
				BUNDLE_LOADER = "$(TEST_HOST)";
				CODE_SIGN_STYLE = Automatic;
				INFOPLIST_FILE = ThreadTaskTests/Info.plist;
				IPHONEOS_DEPLOYMENT_TARGET = 13.6;
				LD_RUNPATH_SEARCH_PATHS = (
					"$(inherited)",
					"@executable_path/Frameworks",
					"@loader_path/Frameworks",
				);
				PRODUCT_BUNDLE_IDENTIFIER = helloworld.ThreadTaskTests;
				PRODUCT_NAME = "$(TARGET_NAME)";
				TARGETED_DEVICE_FAMILY = "1,2";
				TEST_HOST = "$(BUILT_PRODUCTS_DIR)/ThreadTask.app/ThreadTask";
			};
			name = Release;
		};
		E9A2843924D8512B00C87E4A /* Debug */ = {
			isa = XCBuildConfiguration;
			buildSettings = {
				CODE_SIGN_STYLE = Automatic;
				INFOPLIST_FILE = ThreadTaskUITests/Info.plist;
				LD_RUNPATH_SEARCH_PATHS = (
					"$(inherited)",
					"@executable_path/Frameworks",
					"@loader_path/Frameworks",
				);
				PRODUCT_BUNDLE_IDENTIFIER = helloworld.ThreadTaskUITests;
				PRODUCT_NAME = "$(TARGET_NAME)";
				TARGETED_DEVICE_FAMILY = "1,2";
				TEST_TARGET_NAME = ThreadTask;
			};
			name = Debug;
		};
		E9A2843A24D8512B00C87E4A /* Release */ = {
			isa = XCBuildConfiguration;
			buildSettings = {
				CODE_SIGN_STYLE = Automatic;
				INFOPLIST_FILE = ThreadTaskUITests/Info.plist;
				LD_RUNPATH_SEARCH_PATHS = (
					"$(inherited)",
					"@executable_path/Frameworks",
					"@loader_path/Frameworks",
				);
				PRODUCT_BUNDLE_IDENTIFIER = helloworld.ThreadTaskUITests;
				PRODUCT_NAME = "$(TARGET_NAME)";
				TARGETED_DEVICE_FAMILY = "1,2";
				TEST_TARGET_NAME = ThreadTask;
			};
			name = Release;
		};
/* End XCBuildConfiguration section */

/* Begin XCConfigurationList section */
		E9A283FE24D8512900C87E4A /* Build configuration list for PBXProject "ThreadTask" */ = {
			isa = XCConfigurationList;
			buildConfigurations = (
				E9A2843024D8512B00C87E4A /* Debug */,
				E9A2843124D8512B00C87E4A /* Release */,
			);
			defaultConfigurationIsVisible = 0;
			defaultConfigurationName = Release;
		};
		E9A2843224D8512B00C87E4A /* Build configuration list for PBXNativeTarget "ThreadTask" */ = {
			isa = XCConfigurationList;
			buildConfigurations = (
				E9A2843324D8512B00C87E4A /* Debug */,
				E9A2843424D8512B00C87E4A /* Release */,
			);
			defaultConfigurationIsVisible = 0;
			defaultConfigurationName = Release;
		};
		E9A2843524D8512B00C87E4A /* Build configuration list for PBXNativeTarget "ThreadTaskTests" */ = {
			isa = XCConfigurationList;
			buildConfigurations = (
				E9A2843624D8512B00C87E4A /* Debug */,
				E9A2843724D8512B00C87E4A /* Release */,
			);
			defaultConfigurationIsVisible = 0;
			defaultConfigurationName = Release;
		};
		E9A2843824D8512B00C87E4A /* Build configuration list for PBXNativeTarget "ThreadTaskUITests" */ = {
			isa = XCConfigurationList;
			buildConfigurations = (
				E9A2843924D8512B00C87E4A /* Debug */,
				E9A2843A24D8512B00C87E4A /* Release */,
			);
			defaultConfigurationIsVisible = 0;
			defaultConfigurationName = Release;
		};
/* End XCConfigurationList section */
	};
	rootObject = E9A283FB24D8512900C87E4A /* Project object */;
}
